// !$*UTF8*$!
{
	archiveVersion = 1;
	classes = {
	};
	objectVersion = 110;
	objects = {

/* Begin PBXContainerItemProxy section */
		7E1D3E10305D25BC0052FD90 /* PBXContainerItemProxy */ = {
			isa = PBXContainerItemProxy;
			containerPortal = 7E1D3DFA305D25BA0052FD90 /* Project object */;
			proxyType = 1;
			remoteGlobalIDString = 7E1D3E01305D25BA0052FD90;
			remoteInfo = CodexWatch;
		};
		7E1D3E1A305D25BC0052FD90 /* PBXContainerItemProxy */ = {
			isa = PBXContainerItemProxy;
			containerPortal = 7E1D3DFA305D25BA0052FD90 /* Project object */;
			proxyType = 1;
			remoteGlobalIDString = 7E1D3E01305D25BA0052FD90;
			remoteInfo = CodexWatch;
		};
/* End PBXContainerItemProxy section */

/* Begin PBXFileReference section */
		7E1D3E02305D25BA0052FD90 /* CodexWatch.app */ = {isa = PBXFileReference; explicitFileType = wrapper.application; includeInIndex = 0; path = CodexWatch.app; sourceTree = BUILT_PRODUCTS_DIR; };
		7E1D3E0F305D25BC0052FD90 /* CodexWatchTests.xctest */ = {isa = PBXFileReference; explicitFileType = wrapper.cfbundle; includeInIndex = 0; path = CodexWatchTests.xctest; sourceTree = BUILT_PRODUCTS_DIR; };
		7E1D3E19305D25BC0052FD90 /* CodexWatchUITests.xctest */ = {isa = PBXFileReference; explicitFileType = wrapper.cfbundle; includeInIndex = 0; path = CodexWatchUITests.xctest; sourceTree = BUILT_PRODUCTS_DIR; };
/* End PBXFileReference section */

/* Begin PBXFileSystemSynchronizedRootGroup section */
		7E1D3E04305D25BA0052FD90 /* CodexWatch */ = {
			isa = PBXFileSystemSynchronizedRootGroup;
			path = CodexWatch;
			sourceTree = "<group>";
		};
		7E1D3E12305D25BC0052FD90 /* CodexWatchTests */ = {
			isa = PBXFileSystemSynchronizedRootGroup;
			path = CodexWatchTests;
			sourceTree = "<group>";
		};
		7E1D3E1C305D25BC0052FD90 /* CodexWatchUITests */ = {
			isa = PBXFileSystemSynchronizedRootGroup;
			path = CodexWatchUITests;
			sourceTree = "<group>";
		};
/* End PBXFileSystemSynchronizedRootGroup section */

/* Begin PBXFrameworksBuildPhase section */
		7E1D3DFF305D25BA0052FD90 /* Frameworks */ = {
			isa = PBXFrameworksBuildPhase;
			files = (
			);
		};
		7E1D3E0C305D25BC0052FD90 /* Frameworks */ = {
			isa = PBXFrameworksBuildPhase;
			files = (
			);
		};
		7E1D3E16305D25BC0052FD90 /* Frameworks */ = {
			isa = PBXFrameworksBuildPhase;
			files = (
			);
		};
/* End PBXFrameworksBuildPhase section */

/* Begin PBXGroup section */
		7E1D3DF9305D25BA0052FD90 = {
			isa = PBXGroup;
			children = (
				7E1D3E04305D25BA0052FD90 /* CodexWatch */,
				7E1D3E12305D25BC0052FD90 /* CodexWatchTests */,
				7E1D3E1C305D25BC0052FD90 /* CodexWatchUITests */,
				7E1D3E03305D25BA0052FD90 /* Products */,
			);
			sourceTree = "<group>";
		};
		7E1D3E03305D25BA0052FD90 /* Products */ = {
			isa = PBXGroup;
			children = (
				7E1D3E02305D25BA0052FD90 /* CodexWatch.app */,
				7E1D3E0F305D25BC0052FD90 /* CodexWatchTests.xctest */,
				7E1D3E19305D25BC0052FD90 /* CodexWatchUITests.xctest */,
			);
			name = Products;
			sourceTree = "<group>";
		};
/* End PBXGroup section */

/* Begin PBXNativeTarget section */
		7E1D3E01305D25BA0052FD90 /* CodexWatch */ = {
			isa = PBXNativeTarget;
			buildConfigurationList = 7E1D3E21305D25BC0052FD90 /* Build configuration list for PBXNativeTarget "CodexWatch" */;
			buildPhases = (
				7E1D3DFE305D25BA0052FD90 /* Sources */,
				7E1D3DFF305D25BA0052FD90 /* Frameworks */,
				7E1D3E00305D25BA0052FD90 /* Resources */,
			);
			buildRules = (
			);
			fileSystemSynchronizedGroups = (
				7E1D3E04305D25BA0052FD90 /* CodexWatch */,
			);
			name = CodexWatch;
			productName = CodexWatch;
			productReference = 7E1D3E02305D25BA0052FD90 /* CodexWatch.app */;
			productType = "com.apple.product-type.application";
		};
		7E1D3E0E305D25BC0052FD90 /* CodexWatchTests */ = {
			isa = PBXNativeTarget;
			buildConfigurationList = 7E1D3E24305D25BC0052FD90 /* Build configuration list for PBXNativeTarget "CodexWatchTests" */;
			buildPhases = (
				7E1D3E0B305D25BC0052FD90 /* Sources */,
				7E1D3E0C305D25BC0052FD90 /* Frameworks */,
				7E1D3E0D305D25BC0052FD90 /* Resources */,
			);
			buildRules = (
			);
			dependencies = (
				7E1D3E11305D25BC0052FD90 /* PBXTargetDependency */,
			);
			fileSystemSynchronizedGroups = (
				7E1D3E12305D25BC0052FD90 /* CodexWatchTests */,
			);
			name = CodexWatchTests;
			productName = CodexWatchTests;
			productReference = 7E1D3E0F305D25BC0052FD90 /* CodexWatchTests.xctest */;
			productType = "com.apple.product-type.bundle.unit-test";
		};
		7E1D3E18305D25BC0052FD90 /* CodexWatchUITests */ = {
			isa = PBXNativeTarget;
			buildConfigurationList = 7E1D3E27305D25BC0052FD90 /* Build configuration list for PBXNativeTarget "CodexWatchUITests" */;
			buildPhases = (
				7E1D3E15305D25BC0052FD90 /* Sources */,
				7E1D3E16305D25BC0052FD90 /* Frameworks */,
				7E1D3E17305D25BC0052FD90 /* Resources */,
			);
			buildRules = (
			);
			dependencies = (
				7E1D3E1B305D25BC0052FD90 /* PBXTargetDependency */,
			);
			fileSystemSynchronizedGroups = (
				7E1D3E1C305D25BC0052FD90 /* CodexWatchUITests */,
			);
			name = CodexWatchUITests;
			productName = CodexWatchUITests;
			productReference = 7E1D3E19305D25BC0052FD90 /* CodexWatchUITests.xctest */;
			productType = "com.apple.product-type.bundle.ui-testing";
		};
/* End PBXNativeTarget section */

/* Begin PBXProject section */
		7E1D3DFA305D25BA0052FD90 /* Project object */ = {
			isa = PBXProject;
			attributes = {
				BuildIndependentTargetsInParallel = 1;
				LastSwiftUpdateCheck = 2700;
				LastUpgradeCheck = 2700;
				TargetAttributes = {
					7E1D3E01305D25BA0052FD90 = {
						CreatedOnToolsVersion = 27.0;
					};
					7E1D3E0E305D25BC0052FD90 = {
						CreatedOnToolsVersion = 27.0;
						TestTargetID = 7E1D3E01305D25BA0052FD90;
					};
					7E1D3E18305D25BC0052FD90 = {
						CreatedOnToolsVersion = 27.0;
						TestTargetID = 7E1D3E01305D25BA0052FD90;
					};
				};
			};
			buildConfigurationList = 7E1D3DFD305D25BA0052FD90 /* Build configuration list for PBXProject "CodexWatch" */;
			developmentRegion = en;
			hasScannedForEncodings = 0;
			knownRegions = (
				en,
				Base,
			);
			mainGroup = 7E1D3DF9305D25BA0052FD90;
			minimizedProjectReferenceProxies = 1;
			preferredProjectObjectVersion = 77;
			productRefGroup = 7E1D3E03305D25BA0052FD90 /* Products */;
			projectDirPath = "";
			projectRoot = "";
			targets = (
				7E1D3E01305D25BA0052FD90 /* CodexWatch */,
				7E1D3E0E305D25BC0052FD90 /* CodexWatchTests */,
				7E1D3E18305D25BC0052FD90 /* CodexWatchUITests */,
			);
		};
/* End PBXProject section */

/* Begin PBXResourcesBuildPhase section */
		7E1D3E00305D25BA0052FD90 /* Resources */ = {
			isa = PBXResourcesBuildPhase;
			files = (
			);
		};
		7E1D3E0D305D25BC0052FD90 /* Resources */ = {
			isa = PBXResourcesBuildPhase;
			files = (
			);
		};
		7E1D3E17305D25BC0052FD90 /* Resources */ = {
			isa = PBXResourcesBuildPhase;
			files = (
			);
		};
/* End PBXResourcesBuildPhase section */

/* Begin PBXSourcesBuildPhase section */
		7E1D3DFE305D25BA0052FD90 /* Sources */ = {
			isa = PBXSourcesBuildPhase;
			files = (
			);
		};
		7E1D3E0B305D25BC0052FD90 /* Sources */ = {
			isa = PBXSourcesBuildPhase;
			files = (
			);
		};
		7E1D3E15305D25BC0052FD90 /* Sources */ = {
			isa = PBXSourcesBuildPhase;
			files = (
			);
		};
/* End PBXSourcesBuildPhase section */

/* Begin PBXTargetDependency section */
		7E1D3E11305D25BC0052FD90 /* PBXTargetDependency */ = {
			isa = PBXTargetDependency;
			target = 7E1D3E01305D25BA0052FD90 /* CodexWatch */;
			targetProxy = 7E1D3E10305D25BC0052FD90 /* PBXContainerItemProxy */;
		};
		7E1D3E1B305D25BC0052FD90 /* PBXTargetDependency */ = {
			isa = PBXTargetDependency;
			target = 7E1D3E01305D25BA0052FD90 /* CodexWatch */;
			targetProxy = 7E1D3E1A305D25BC0052FD90 /* PBXContainerItemProxy */;
		};
/* End PBXTargetDependency section */

/* Begin XCBuildConfiguration section */
		7E1D3E1F305D25BC0052FD90 /* Debug configuration for PBXProject "CodexWatch" */ = {
			isa = XCBuildConfiguration;
			buildSettings = {
				ALWAYS_SEARCH_USER_PATHS = NO;
				ASSETCATALOG_COMPILER_GENERATE_SWIFT_ASSET_SYMBOL_EXTENSIONS = YES;
				CLANG_ANALYZER_NONNULL = YES;
				CLANG_ANALYZER_NUMBER_OBJECT_CONVERSION = YES_AGGRESSIVE;
				CLANG_CXX_LANGUAGE_STANDARD = "gnu++20";
				CLANG_ENABLE_MODULES = YES;
				CLANG_ENABLE_OBJC_ARC = YES;
				CLANG_ENABLE_OBJC_WEAK = YES;
				CLANG_WARN_BLOCK_CAPTURE_AUTORELEASING = YES;
				CLANG_WARN_BOOL_CONVERSION = YES;
				CLANG_WARN_COMMA = YES;
				CLANG_WARN_CONSTANT_CONVERSION = YES;
				CLANG_WARN_DEPRECATED_OBJC_IMPLEMENTATIONS = YES;
				CLANG_WARN_DIRECT_OBJC_ISA_USAGE = YES_ERROR;
				CLANG_WARN_DOCUMENTATION_COMMENTS = YES;
				CLANG_WARN_EMPTY_BODY = YES;
				CLANG_WARN_ENUM_CONVERSION = YES;
				CLANG_WARN_INFINITE_RECURSION = YES;
				CLANG_WARN_INT_CONVERSION = YES;
				CLANG_WARN_NON_LITERAL_NULL_CONVERSION = YES;
				CLANG_WARN_OBJC_IMPLICIT_RETAIN_SELF = YES;
				CLANG_WARN_OBJC_LITERAL_CONVERSION = YES;
				CLANG_WARN_OBJC_ROOT_CLASS = YES_ERROR;
				CLANG_WARN_QUOTED_INCLUDE_IN_FRAMEWORK_HEADER = YES;
				CLANG_WARN_RANGE_LOOP_ANALYSIS = YES;
				CLANG_WARN_STRICT_PROTOTYPES = YES;
				CLANG_WARN_SUSPICIOUS_MOVE = YES;
				CLANG_WARN_UNGUARDED_AVAILABILITY = YES_AGGRESSIVE;
				CLANG_WARN_UNREACHABLE_CODE = YES;
				CLANG_WARN__DUPLICATE_METHOD_MATCH = YES;
				COPY_PHASE_STRIP = NO;
				DEBUG_INFORMATION_FORMAT = dwarf;
				DEVELOPMENT_TEAM = 7MX676A78F;
				ENABLE_STRICT_OBJC_MSGSEND = YES;
				ENABLE_TESTABILITY = YES;
				ENABLE_USER_SCRIPT_SANDBOXING = YES;
				GCC_C_LANGUAGE_STANDARD = gnu17;
				GCC_DYNAMIC_NO_PIC = NO;
				GCC_NO_COMMON_BLOCKS = YES;
				GCC_OPTIMIZATION_LEVEL = 0;
				GCC_PREPROCESSOR_DEFINITIONS = (
					"DEBUG=1",
					"$(inherited)",
				);
				GCC_WARN_64_TO_32_BIT_CONVERSION = YES;
				GCC_WARN_ABOUT_RETURN_TYPE = YES_ERROR;
				GCC_WARN_UNDECLARED_SELECTOR = YES;
				GCC_WARN_UNINITIALIZED_AUTOS = YES_AGGRESSIVE;
				GCC_WARN_UNUSED_FUNCTION = YES;
				GCC_WARN_UNUSED_VARIABLE = YES;
				LOCALIZATION_PREFERS_STRING_CATALOGS = YES;
				MTL_ENABLE_DEBUG_INFO = INCLUDE_SOURCE;
				MTL_FAST_MATH = YES;
				ONLY_ACTIVE_ARCH = YES;
				SWIFT_ACTIVE_COMPILATION_CONDITIONS = "DEBUG $(inherited)";
				SWIFT_OPTIMIZATION_LEVEL = "-Onone";
			};
			name = Debug;
		};
		7E1D3E20305D25BC0052FD90 /* Release configuration for PBXProject "CodexWatch" */ = {
			isa = XCBuildConfiguration;
			buildSettings = {
				ALWAYS_SEARCH_USER_PATHS = NO;
				ASSETCATALOG_COMPILER_GENERATE_SWIFT_ASSET_SYMBOL_EXTENSIONS = YES;
				CLANG_ANALYZER_NONNULL = YES;
				CLANG_ANALYZER_NUMBER_OBJECT_CONVERSION = YES_AGGRESSIVE;
				CLANG_CXX_LANGUAGE_STANDARD = "gnu++20";
				CLANG_ENABLE_MODULES = YES;
				CLANG_ENABLE_OBJC_ARC = YES;
				CLANG_ENABLE_OBJC_WEAK = YES;
				CLANG_WARN_BLOCK_CAPTURE_AUTORELEASING = YES;
				CLANG_WARN_BOOL_CONVERSION = YES;
				CLANG_WARN_COMMA = YES;
				CLANG_WARN_CONSTANT_CONVERSION = YES;
				CLANG_WARN_DEPRECATED_OBJC_IMPLEMENTATIONS = YES;
				CLANG_WARN_DIRECT_OBJC_ISA_USAGE = YES_ERROR;
				CLANG_WARN_DOCUMENTATION_COMMENTS = YES;
				CLANG_WARN_EMPTY_BODY = YES;
				CLANG_WARN_ENUM_CONVERSION = YES;
				CLANG_WARN_INFINITE_RECURSION = YES;
				CLANG_WARN_INT_CONVERSION = YES;
				CLANG_WARN_NON_LITERAL_NULL_CONVERSION = YES;
				CLANG_WARN_OBJC_IMPLICIT_RETAIN_SELF = YES;
				CLANG_WARN_OBJC_LITERAL_CONVERSION = YES;
				CLANG_WARN_OBJC_ROOT_CLASS = YES_ERROR;
				CLANG_WARN_QUOTED_INCLUDE_IN_FRAMEWORK_HEADER = YES;
				CLANG_WARN_RANGE_LOOP_ANALYSIS = YES;
				CLANG_WARN_STRICT_PROTOTYPES = YES;
				CLANG_WARN_SUSPICIOUS_MOVE = YES;
				CLANG_WARN_UNGUARDED_AVAILABILITY = YES_AGGRESSIVE;
				CLANG_WARN_UNREACHABLE_CODE = YES;
				CLANG_WARN__DUPLICATE_METHOD_MATCH = YES;
				COPY_PHASE_STRIP = NO;
				DEBUG_INFORMATION_FORMAT = "dwarf-with-dsym";
				DEVELOPMENT_TEAM = 7MX676A78F;
				ENABLE_NS_ASSERTIONS = NO;
				ENABLE_STRICT_OBJC_MSGSEND = YES;
				ENABLE_USER_SCRIPT_SANDBOXING = YES;
				GCC_C_LANGUAGE_STANDARD = gnu17;
				GCC_NO_COMMON_BLOCKS = YES;
				GCC_WARN_64_TO_32_BIT_CONVERSION = YES;
				GCC_WARN_ABOUT_RETURN_TYPE = YES_ERROR;
				GCC_WARN_UNDECLARED_SELECTOR = YES;
				GCC_WARN_UNINITIALIZED_AUTOS = YES_AGGRESSIVE;
				GCC_WARN_UNUSED_FUNCTION = YES;
				GCC_WARN_UNUSED_VARIABLE = YES;
				LOCALIZATION_PREFERS_STRING_CATALOGS = YES;
				MTL_ENABLE_DEBUG_INFO = NO;
				MTL_FAST_MATH = YES;
				SWIFT_COMPILATION_MODE = wholemodule;
			};
			name = Release;
		};
		7E1D3E22305D25BC0052FD90 /* Debug configuration for PBXNativeTarget "CodexWatch" */ = {
			isa = XCBuildConfiguration;
			buildSettings = {
				ASSETCATALOG_COMPILER_APPICON_NAME = AppIcon;
				ASSETCATALOG_COMPILER_GLOBAL_ACCENT_COLOR_NAME = AccentColor;
				CODE_SIGN_STYLE = Automatic;
				CURRENT_PROJECT_VERSION = 1;
				DEVELOPMENT_TEAM = 7MX676A78F;
				ENABLE_APP_SANDBOX = YES;
				ENABLE_HARDENED_RUNTIME = YES;
				ENABLE_PREVIEWS = YES;
				ENABLE_USER_SELECTED_FILES = readonly;
				GENERATE_INFOPLIST_FILE = YES;
				"INFOPLIST_KEY_UIApplicationSceneManifest_Generation[sdk=iphoneos*]" = YES;
				"INFOPLIST_KEY_UIApplicationSceneManifest_Generation[sdk=iphonesimulator*]" = YES;
				"INFOPLIST_KEY_UIApplicationSupportsIndirectInputEvents[sdk=iphoneos*]" = YES;
				"INFOPLIST_KEY_UIApplicationSupportsIndirectInputEvents[sdk=iphonesimulator*]" = YES;
				"INFOPLIST_KEY_UILaunchScreen_Generation[sdk=iphoneos*]" = YES;
				"INFOPLIST_KEY_UILaunchScreen_Generation[sdk=iphonesimulator*]" = YES;
				"INFOPLIST_KEY_UIStatusBarStyle[sdk=iphoneos*]" = UIStatusBarStyleDefault;
				"INFOPLIST_KEY_UIStatusBarStyle[sdk=iphonesimulator*]" = UIStatusBarStyleDefault;
				INFOPLIST_KEY_UISupportedInterfaceOrientations_iPad = "UIInterfaceOrientationPortrait UIInterfaceOrientationPortraitUpsideDown UIInterfaceOrientationLandscapeLeft UIInterfaceOrientationLandscapeRight";
				INFOPLIST_KEY_UISupportedInterfaceOrientations_iPhone = "UIInterfaceOrientationPortrait UIInterfaceOrientationLandscapeLeft UIInterfaceOrientationLandscapeRight";
				IPHONEOS_DEPLOYMENT_TARGET = 27.0;
				LD_RUNPATH_SEARCH_PATHS = "@executable_path/Frameworks";
				"LD_RUNPATH_SEARCH_PATHS[sdk=macosx*]" = "@executable_path/../Frameworks";
				MACOSX_DEPLOYMENT_TARGET = 27.0;
				MARKETING_VERSION = 1.0;
				PRODUCT_BUNDLE_IDENTIFIER = com.dainocorp.CodexWatch;
				PRODUCT_NAME = "$(TARGET_NAME)";
				REGISTER_APP_GROUPS = YES;
				SDKROOT = auto;
				STRING_CATALOG_GENERATE_SYMBOLS = YES;
				SUPPORTED_PLATFORMS = "iphoneos iphonesimulator macosx xros xrsimulator";
				SWIFT_APPROACHABLE_CONCURRENCY = YES;
				SWIFT_DEFAULT_ACTOR_ISOLATION = MainActor;
				SWIFT_EMIT_LOC_STRINGS = YES;
				SWIFT_UPCOMING_FEATURE_MEMBER_IMPORT_VISIBILITY = YES;
				SWIFT_VERSION = 5.0;
				TARGETED_DEVICE_FAMILY = "1,2,7";
				XROS_DEPLOYMENT_TARGET = 27.0;
			};
			name = Debug;
		};
		7E1D3E23305D25BC0052FD90 /* Release configuration for PBXNativeTarget "CodexWatch" */ = {
			isa = XCBuildConfiguration;
			buildSettings = {
				ASSETCATALOG_COMPILER_APPICON_NAME = AppIcon;
				ASSETCATALOG_COMPILER_GLOBAL_ACCENT_COLOR_NAME = AccentColor;
				CODE_SIGN_STYLE = Automatic;
				CURRENT_PROJECT_VERSION = 1;
				DEVELOPMENT_TEAM = 7MX676A78F;
				ENABLE_APP_SANDBOX = YES;
				ENABLE_HARDENED_RUNTIME = YES;
				ENABLE_PREVIEWS = YES;
				ENABLE_USER_SELECTED_FILES = readonly;
				GENERATE_INFOPLIST_FILE = YES;
				"INFOPLIST_KEY_UIApplicationSceneManifest_Generation[sdk=iphoneos*]" = YES;
				"INFOPLIST_KEY_UIApplicationSceneManifest_Generation[sdk=iphonesimulator*]" = YES;
				"INFOPLIST_KEY_UIApplicationSupportsIndirectInputEvents[sdk=iphoneos*]" = YES;
				"INFOPLIST_KEY_UIApplicationSupportsIndirectInputEvents[sdk=iphonesimulator*]" = YES;
				"INFOPLIST_KEY_UILaunchScreen_Generation[sdk=iphoneos*]" = YES;
				"INFOPLIST_KEY_UILaunchScreen_Generation[sdk=iphonesimulator*]" = YES;
				"INFOPLIST_KEY_UIStatusBarStyle[sdk=iphoneos*]" = UIStatusBarStyleDefault;
				"INFOPLIST_KEY_UIStatusBarStyle[sdk=iphonesimulator*]" = UIStatusBarStyleDefault;
				INFOPLIST_KEY_UISupportedInterfaceOrientations_iPad = "UIInterfaceOrientationPortrait UIInterfaceOrientationPortraitUpsideDown UIInterfaceOrientationLandscapeLeft UIInterfaceOrientationLandscapeRight";
				INFOPLIST_KEY_UISupportedInterfaceOrientations_iPhone = "UIInterfaceOrientationPortrait UIInterfaceOrientationLandscapeLeft UIInterfaceOrientationLandscapeRight";
				IPHONEOS_DEPLOYMENT_TARGET = 27.0;
				LD_RUNPATH_SEARCH_PATHS = "@executable_path/Frameworks";
				"LD_RUNPATH_SEARCH_PATHS[sdk=macosx*]" = "@executable_path/../Frameworks";
				MACOSX_DEPLOYMENT_TARGET = 27.0;
				MARKETING_VERSION = 1.0;
				PRODUCT_BUNDLE_IDENTIFIER = com.dainocorp.CodexWatch;
				PRODUCT_NAME = "$(TARGET_NAME)";
				REGISTER_APP_GROUPS = YES;
				SDKROOT = auto;
				STRING_CATALOG_GENERATE_SYMBOLS = YES;
				SUPPORTED_PLATFORMS = "iphoneos iphonesimulator macosx xros xrsimulator";
				SWIFT_APPROACHABLE_CONCURRENCY = YES;
				SWIFT_DEFAULT_ACTOR_ISOLATION = MainActor;
				SWIFT_EMIT_LOC_STRINGS = YES;
				SWIFT_UPCOMING_FEATURE_MEMBER_IMPORT_VISIBILITY = YES;
				SWIFT_VERSION = 5.0;
				TARGETED_DEVICE_FAMILY = "1,2,7";
				XROS_DEPLOYMENT_TARGET = 27.0;
			};
			name = Release;
		};
		7E1D3E25305D25BC0052FD90 /* Debug configuration for PBXNativeTarget "CodexWatchTests" */ = {
			isa = XCBuildConfiguration;
			buildSettings = {
				BUNDLE_LOADER = "$(TEST_HOST)";
				CODE_SIGN_STYLE = Automatic;
				CURRENT_PROJECT_VERSION = 1;
				DEVELOPMENT_TEAM = 7MX676A78F;
				GENERATE_INFOPLIST_FILE = YES;
				IPHONEOS_DEPLOYMENT_TARGET = 27.0;
				MACOSX_DEPLOYMENT_TARGET = 27.0;
				MARKETING_VERSION = 1.0;
				PRODUCT_BUNDLE_IDENTIFIER = com.dainocorp.CodexWatchTests;
				PRODUCT_NAME = "$(TARGET_NAME)";
				SDKROOT = auto;
				STRING_CATALOG_GENERATE_SYMBOLS = NO;
				SUPPORTED_PLATFORMS = "iphoneos iphonesimulator macosx xros xrsimulator";
				SWIFT_APPROACHABLE_CONCURRENCY = YES;
				SWIFT_EMIT_LOC_STRINGS = NO;
				SWIFT_UPCOMING_FEATURE_MEMBER_IMPORT_VISIBILITY = YES;
				SWIFT_VERSION = 5.0;
				TARGETED_DEVICE_FAMILY = "1,2,7";
				TEST_HOST = "$(BUILT_PRODUCTS_DIR)/CodexWatch.app/$(BUNDLE_EXECUTABLE_FOLDER_PATH)/CodexWatch";
				XROS_DEPLOYMENT_TARGET = 27.0;
			};
			name = Debug;
		};
		7E1D3E26305D25BC0052FD90 /* Release configuration for PBXNativeTarget "CodexWatchTests" */ = {
			isa = XCBuildConfiguration;
			buildSettings = {
				BUNDLE_LOADER = "$(TEST_HOST)";
				CODE_SIGN_STYLE = Automatic;
				CURRENT_PROJECT_VERSION = 1;
				DEVELOPMENT_TEAM = 7MX676A78F;
				GENERATE_INFOPLIST_FILE = YES;
				IPHONEOS_DEPLOYMENT_TARGET = 27.0;
				MACOSX_DEPLOYMENT_TARGET = 27.0;
				MARKETING_VERSION = 1.0;
				PRODUCT_BUNDLE_IDENTIFIER = com.dainocorp.CodexWatchTests;
				PRODUCT_NAME = "$(TARGET_NAME)";
				SDKROOT = auto;
				STRING_CATALOG_GENERATE_SYMBOLS = NO;
				SUPPORTED_PLATFORMS = "iphoneos iphonesimulator macosx xros xrsimulator";
				SWIFT_APPROACHABLE_CONCURRENCY = YES;
				SWIFT_EMIT_LOC_STRINGS = NO;
				SWIFT_UPCOMING_FEATURE_MEMBER_IMPORT_VISIBILITY = YES;
				SWIFT_VERSION = 5.0;
				TARGETED_DEVICE_FAMILY = "1,2,7";
				TEST_HOST = "$(BUILT_PRODUCTS_DIR)/CodexWatch.app/$(BUNDLE_EXECUTABLE_FOLDER_PATH)/CodexWatch";
				XROS_DEPLOYMENT_TARGET = 27.0;
			};
			name = Release;
		};
		7E1D3E28305D25BC0052FD90 /* Debug configuration for PBXNativeTarget "CodexWatchUITests" */ = {
			isa = XCBuildConfiguration;
			buildSettings = {
				CODE_SIGN_STYLE = Automatic;
				CURRENT_PROJECT_VERSION = 1;
				DEVELOPMENT_TEAM = 7MX676A78F;
				GENERATE_INFOPLIST_FILE = YES;
				IPHONEOS_DEPLOYMENT_TARGET = 27.0;
				MACOSX_DEPLOYMENT_TARGET = 27.0;
				MARKETING_VERSION = 1.0;
				PRODUCT_BUNDLE_IDENTIFIER = com.dainocorp.CodexWatchUITests;
				PRODUCT_NAME = "$(TARGET_NAME)";
				SDKROOT = auto;
				STRING_CATALOG_GENERATE_SYMBOLS = NO;
				SUPPORTED_PLATFORMS = "iphoneos iphonesimulator macosx xros xrsimulator";
				SWIFT_APPROACHABLE_CONCURRENCY = YES;
				SWIFT_EMIT_LOC_STRINGS = NO;
				SWIFT_UPCOMING_FEATURE_MEMBER_IMPORT_VISIBILITY = YES;
				SWIFT_VERSION = 5.0;
				TARGETED_DEVICE_FAMILY = "1,2,7";
				TEST_TARGET_NAME = CodexWatch;
				XROS_DEPLOYMENT_TARGET = 27.0;
			};
			name = Debug;
		};
		7E1D3E29305D25BC0052FD90 /* Release configuration for PBXNativeTarget "CodexWatchUITests" */ = {
			isa = XCBuildConfiguration;
			buildSettings = {
				CODE_SIGN_STYLE = Automatic;
				CURRENT_PROJECT_VERSION = 1;
				DEVELOPMENT_TEAM = 7MX676A78F;
				GENERATE_INFOPLIST_FILE = YES;
				IPHONEOS_DEPLOYMENT_TARGET = 27.0;
				MACOSX_DEPLOYMENT_TARGET = 27.0;
				MARKETING_VERSION = 1.0;
				PRODUCT_BUNDLE_IDENTIFIER = com.dainocorp.CodexWatchUITests;
				PRODUCT_NAME = "$(TARGET_NAME)";
				SDKROOT = auto;
				STRING_CATALOG_GENERATE_SYMBOLS = NO;
				SUPPORTED_PLATFORMS = "iphoneos iphonesimulator macosx xros xrsimulator";
				SWIFT_APPROACHABLE_CONCURRENCY = YES;
				SWIFT_EMIT_LOC_STRINGS = NO;
				SWIFT_UPCOMING_FEATURE_MEMBER_IMPORT_VISIBILITY = YES;
				SWIFT_VERSION = 5.0;
				TARGETED_DEVICE_FAMILY = "1,2,7";
				TEST_TARGET_NAME = CodexWatch;
				XROS_DEPLOYMENT_TARGET = 27.0;
			};
			name = Release;
		};
/* End XCBuildConfiguration section */

/* Begin XCConfigurationList section */
		7E1D3DFD305D25BA0052FD90 /* Build configuration list for PBXProject "CodexWatch" */ = {
			isa = XCConfigurationList;
			buildConfigurations = (
				7E1D3E1F305D25BC0052FD90 /* Debug configuration for PBXProject "CodexWatch" */,
				7E1D3E20305D25BC0052FD90 /* Release configuration for PBXProject "CodexWatch" */,
			);
			defaultConfigurationName = Release;
		};
		7E1D3E21305D25BC0052FD90 /* Build configuration list for PBXNativeTarget "CodexWatch" */ = {
			isa = XCConfigurationList;
			buildConfigurations = (
				7E1D3E22305D25BC0052FD90 /* Debug configuration for PBXNativeTarget "CodexWatch" */,
				7E1D3E23305D25BC0052FD90 /* Release configuration for PBXNativeTarget "CodexWatch" */,
			);
			defaultConfigurationName = Release;
		};
		7E1D3E24305D25BC0052FD90 /* Build configuration list for PBXNativeTarget "CodexWatchTests" */ = {
			isa = XCConfigurationList;
			buildConfigurations = (
				7E1D3E25305D25BC0052FD90 /* Debug configuration for PBXNativeTarget "CodexWatchTests" */,
				7E1D3E26305D25BC0052FD90 /* Release configuration for PBXNativeTarget "CodexWatchTests" */,
			);
			defaultConfigurationName = Release;
		};
		7E1D3E27305D25BC0052FD90 /* Build configuration list for PBXNativeTarget "CodexWatchUITests" */ = {
			isa = XCConfigurationList;
			buildConfigurations = (
				7E1D3E28305D25BC0052FD90 /* Debug configuration for PBXNativeTarget "CodexWatchUITests" */,
				7E1D3E29305D25BC0052FD90 /* Release configuration for PBXNativeTarget "CodexWatchUITests" */,
			);
			defaultConfigurationName = Release;
		};
/* End XCConfigurationList section */
	};
	rootObject = 7E1D3DFA305D25BA0052FD90 /* Project object */;
	validationLevel = 1;
}
